
Microsoft Visual Studio Solution File, Format Version 12.00
# Visual Studio 15
VisualStudioVersion = 15.0.28307.438
MinimumVisualStudioVersion = 10.0.40219.1
Project("{00D1A9C2-B5F0-4AF3-8072-F6C62B433612}") = "ProjectDatabase", "Project\ProjectDatabase.sqlproj", "{D647C6A8-8972-4BE5-811E-93CB71C72AB3}"
EndProject
Global
	GlobalSection(SolutionConfigurationPlatforms) = preSolution
		Debug|Any CPU = Debug|Any CPU
		Release|Any CPU = Release|Any CPU
	EndGlobalSection
	GlobalSection(ProjectConfigurationPlatforms) = postSolution
		{D647C6A8-8972-4BE5-811E-93CB71C72AB3}.Debug|Any CPU.ActiveCfg = Debug|Any CPU
		{D647C6A8-8972-4BE5-811E-93CB71C72AB3}.Debug|Any CPU.Build.0 = Debug|Any CPU
		{D647C6A8-8972-4BE5-811E-93CB71C72AB3}.Debug|Any CPU.Deploy.0 = Debug|Any CPU
		{D647C6A8-8972-4BE5-811E-93CB71C72AB3}.Release|Any CPU.ActiveCfg = Release|Any CPU
		{D647C6A8-8972-4BE5-811E-93CB71C72AB3}.Release|Any CPU.Build.0 = Release|Any CPU
		{D647C6A8-8972-4BE5-811E-93CB71C72AB3}.Release|Any CPU.Deploy.0 = Release|Any CPU
	EndGlobalSection
	GlobalSection(SolutionProperties) = preSolution
		HideSolutionNode = FALSE
	EndGlobalSection
	GlobalSection(ExtensibilityGlobals) = postSolution
		SolutionGuid = {AC2B123F-AB7A-4260-8A94-41E74A54C5C8}
	EndGlobalSection
EndGlobal
